<?xml version="1.0" encoding="utf-8"?>
<Project ToolsVersion="4.0" xmlns="http://schemas.microsoft.com/developer/msbuild/2003">
  <ItemGroup>
    <CudaCompile Include="..\src\pathtrace.cu" />
  </ItemGroup>
  <ItemGroup>
    <ClInclude Include="..\src\glslUtility.hpp" />
    <ClInclude Include="..\src\image.h" />
    <ClInclude Include="..\src\interactions.h" />
    <ClInclude Include="..\src\intersections.h" />
    <ClInclude Include="..\src\main.h" />
    <ClInclude Include="..\src\Mesh.h" />
    <ClInclude Include="..\src\pathtrace.h" />
    <ClInclude Include="..\src\preview.h" />
    <ClInclude Include="..\src\scene.h" />
    <ClInclude Include="..\src\sceneStructs.h" />
    <ClInclude Include="..\src\utilities.h" />
  </ItemGroup>
  <ItemGroup>
    <ClCompile Include="..\src\glslUtility.cpp" />
    <ClCompile Include="..\src\image.cpp" />
    <ClCompile Include="..\src\main.cpp" />
    <ClCompile Include="..\src\Mesh.cpp" />
    <ClCompile Include="..\src\preview.cpp" />
    <ClCompile Include="..\src\scene.cpp" />
    <ClCompile Include="..\src\stb.cpp" />
    <ClCompile Include="..\src\utilities.cpp" />
  </ItemGroup>
</Project>